
Microsoft Visual Studio Solution File, Format Version 12.00
# Visual Studio Version 17
VisualStudioVersion = 17.13.35806.99
MinimumVisualStudioVersion = 10.0.40219.1
Project("{FAE04EC0-301F-11D3-BF4B-00C04F79EFBC}") = "PruebaServer", "PruebaServer\PruebaServer.csproj", "{3DBD2F18-5705-4857-83A1-578771660615}"
EndProject
Project("{FAE04EC0-301F-11D3-BF4B-00C04F79EFBC}") = "Data", "Data\Data.csproj", "{3A29FB3C-AFFF-4150-A6EE-0C52081AC35A}"
EndProject
Project("{FAE04EC0-301F-11D3-BF4B-00C04F79EFBC}") = "Models", "Models\Models.csproj", "{A9F48E14-0E83-422A-8A27-C4BE6FBC17B4}"
EndProject
Global
	GlobalSection(SolutionConfigurationPlatforms) = preSolution
		Debug|Any CPU = Debug|Any CPU
		Release|Any CPU = Release|Any CPU
	EndGlobalSection
	GlobalSection(ProjectConfigurationPlatforms) = postSolution
		{3DBD2F18-5705-4857-83A1-578771660615}.Debug|Any CPU.ActiveCfg = Debug|Any CPU
		{3DBD2F18-5705-4857-83A1-578771660615}.Debug|Any CPU.Build.0 = Debug|Any CPU
		{3DBD2F18-5705-4857-83A1-578771660615}.Release|Any CPU.ActiveCfg = Release|Any CPU
		{3DBD2F18-5705-4857-83A1-578771660615}.Release|Any CPU.Build.0 = Release|Any CPU
		{3A29FB3C-AFFF-4150-A6EE-0C52081AC35A}.Debug|Any CPU.ActiveCfg = Debug|Any CPU
		{3A29FB3C-AFFF-4150-A6EE-0C52081AC35A}.Debug|Any CPU.Build.0 = Debug|Any CPU
		{3A29FB3C-AFFF-4150-A6EE-0C52081AC35A}.Release|Any CPU.ActiveCfg = Release|Any CPU
		{3A29FB3C-AFFF-4150-A6EE-0C52081AC35A}.Release|Any CPU.Build.0 = Release|Any CPU
		{A9F48E14-0E83-422A-8A27-C4BE6FBC17B4}.Debug|Any CPU.ActiveCfg = Debug|Any CPU
		{A9F48E14-0E83-422A-8A27-C4BE6FBC17B4}.Debug|Any CPU.Build.0 = Debug|Any CPU
		{A9F48E14-0E83-422A-8A27-C4BE6FBC17B4}.Release|Any CPU.ActiveCfg = Release|Any CPU
		{A9F48E14-0E83-422A-8A27-C4BE6FBC17B4}.Release|Any CPU.Build.0 = Release|Any CPU
	EndGlobalSection
	GlobalSection(SolutionProperties) = preSolution
		HideSolutionNode = FALSE
	EndGlobalSection
	GlobalSection(ExtensibilityGlobals) = postSolution
		SolutionGuid = {BCAF2F99-7DD7-4D9B-BB7E-E74B9919DD3F}
	EndGlobalSection
EndGlobal
